{
  "requires": true,
  "lockfileVersion": 1,
  "dependencies": {
    "@angular/core": {
      "version": "16.0.2",
      "resolved": "https://registry.npmjs.org/@angular/core/-/core-16.0.2.tgz",
      "integrity": "sha512-uPa2A+nVqwljDepahMn2ndgWg/a14VnTqgunXJP9q/Us98I/YGdryake4aTfXHUAdLON/R9IzomiXeFDYp5cJQ==",
      "requires": {
        "tslib": "^2.3.0"
      }
    },
    "tslib": {
      "version": "2.5.1",
      "resolved": "https://registry.npmjs.org/tslib/-/tslib-2.5.1.tgz",
      "integrity": "sha512-KaI6gPil5m9vF7DKaoXxx1ia9fxS4qG5YveErRRVknPDXXriu5M8h48YRjB6h5ZUOKuAKlSJYb0GaDe8I39fRw=="
    }
  }
}
